summary: flock(1) locks files
webpage: https://github.com/discoteq/flock/
version: 0.4.0
bin-url: https://github.com/fpliu1214/uppm-package-repository-macos-15.0-arm64/releases/download/2026.03.30.1/flock-0.4.0-MacOSX-15.0-arm64.tar.xz
bin-sha: 32151013ce737c400fc8c79ba274aa2f50a239eb1c5ef3e963d525fe06b8323d
